
Microsoft Visual Studio Solution File, Format Version 12.00
# Visual Studio Version 16
VisualStudioVersion = 25.0.1704.1
MinimumVisualStudioVersion = 10.0.40219.1
Project("{FAE04EC0-301F-11D3-BF4B-00C04F79EFBC}") = "LoanCalculator", "src\LoanCalculator\LoanCalculator.csproj", "{BD09024B-CDD0-432E-A042-A9E2AC45B26E}"
EndProject
Global
	GlobalSection(SolutionConfigurationPlatforms) = preSolution
		Debug|Any CPU = Debug|Any CPU
		Release|Any CPU = Release|Any CPU
	EndGlobalSection
	GlobalSection(ProjectConfigurationPlatforms) = postSolution
		{BD09024B-CDD0-432E-A042-A9E2AC45B26E}.Debug|Any CPU.ActiveCfg = Debug|Any CPU
		{BD09024B-CDD0-432E-A042-A9E2AC45B26E}.Debug|Any CPU.Build.0 = Debug|Any CPU
		{BD09024B-CDD0-432E-A042-A9E2AC45B26E}.Release|Any CPU.ActiveCfg = Release|Any CPU
		{BD09024B-CDD0-432E-A042-A9E2AC45B26E}.Release|Any CPU.Build.0 = Release|Any CPU
	EndGlobalSection
	GlobalSection(SolutionProperties) = preSolution
		HideSolutionNode = FALSE
	EndGlobalSection
	GlobalSection(ExtensibilityGlobals) = postSolution
		SolutionGuid = {F5F88351-8488-428F-B12E-2A5BC09D94C1}
	EndGlobalSection
EndGlobal
